// !$*UTF8*$!
{
	archiveVersion = 1;
	classes = {
	};
	objectVersion = 77;
	objects = {

/* Begin PBXBuildFile section */
		BA0D25F32D684DC000F7D129 /* ReactNativeMLX.h in Headers */ = {isa = PBXBuildFile; fileRef = BA0D25F12D684DC000F7D129 /* ReactNativeMLX.h */; };
		BA0D25F42D684DC000F7D129 /* Bridge.h in Headers */ = {isa = PBXBuildFile; fileRef = BA0D25EE2D684DC000F7D129 /* Bridge.h */; };
		BA0D25F72D684DF100F7D129 /* RNMLX.swift in Sources */ = {isa = PBXBuildFile; fileRef = BA0D25F62D684DF100F7D129 /* RNMLX.swift */; };
		BA2E64862D683FC000E860E4 /* ReactNativeMLX.framework in Frameworks */ = {isa = PBXBuildFile; fileRef = BA2E647D2D683FC000E860E4 /* ReactNativeMLX.framework */; };
		BA59DA2E2D6968320047C1C1 /* Numerics in Frameworks */ = {isa = PBXBuildFile; productRef = BA59DA2D2D6968320047C1C1 /* Numerics */; };
		BA59DA302D6968370047C1C1 /* MLX in Frameworks */ = {isa = PBXBuildFile; productRef = BA59DA2F2D6968370047C1C1 /* MLX */; };
		BAFB82E92D6978ED00C96138 /* ReactNativeMLX.framework in Frameworks */ = {isa = PBXBuildFile; fileRef = BA2E647D2D683FC000E860E4 /* ReactNativeMLX.framework */; };
		BAFB82EA2D6978ED00C96138 /* ReactNativeMLX.framework in Embed Frameworks */ = {isa = PBXBuildFile; fileRef = BA2E647D2D683FC000E860E4 /* ReactNativeMLX.framework */; settings = {ATTRIBUTES = (CodeSignOnCopy, RemoveHeadersOnCopy, ); }; };
		BAFB82F72D69A95200C96138 /* RNMLXError.swift in Sources */ = {isa = PBXBuildFile; fileRef = BAFB82F62D69A95200C96138 /* RNMLXError.swift */; };
		BAFB82F92D69B27D00C96138 /* LLMEvaluator.swift in Sources */ = {isa = PBXBuildFile; fileRef = BAFB82F82D69B27D00C96138 /* LLMEvaluator.swift */; };
		BAFB82FB2D69B2B700C96138 /* MLXLLM in Frameworks */ = {isa = PBXBuildFile; productRef = BAFB82FA2D69B2B700C96138 /* MLXLLM */; };
		BAFB82FD2D69B2B700C96138 /* MLXLMCommon in Frameworks */ = {isa = PBXBuildFile; productRef = BAFB82FC2D69B2B700C96138 /* MLXLMCommon */; };
/* End PBXBuildFile section */

/* Begin PBXContainerItemProxy section */
		BA2E64872D683FC000E860E4 /* PBXContainerItemProxy */ = {
			isa = PBXContainerItemProxy;
			containerPortal = BA2E64742D683FC000E860E4 /* Project object */;
			proxyType = 1;
			remoteGlobalIDString = BA2E647C2D683FC000E860E4;
			remoteInfo = ReactNativeMLX;
		};
		BAFB82EB2D6978ED00C96138 /* PBXContainerItemProxy */ = {
			isa = PBXContainerItemProxy;
			containerPortal = BA2E64742D683FC000E860E4 /* Project object */;
			proxyType = 1;
			remoteGlobalIDString = BA2E647C2D683FC000E860E4;
			remoteInfo = ReactNativeMLX;
		};
/* End PBXContainerItemProxy section */

/* Begin PBXCopyFilesBuildPhase section */
		BAFB82ED2D6978ED00C96138 /* Embed Frameworks */ = {
			isa = PBXCopyFilesBuildPhase;
			buildActionMask = 2147483647;
			dstPath = "";
			dstSubfolderSpec = 10;
			files = (
				BAFB82EA2D6978ED00C96138 /* ReactNativeMLX.framework in Embed Frameworks */,
			);
			name = "Embed Frameworks";
			runOnlyForDeploymentPostprocessing = 0;
		};
/* End PBXCopyFilesBuildPhase section */

/* Begin PBXFileReference section */
		BA0D25EE2D684DC000F7D129 /* Bridge.h */ = {isa = PBXFileReference; lastKnownFileType = sourcecode.c.h; path = Bridge.h; sourceTree = "<group>"; };
		BA0D25F12D684DC000F7D129 /* ReactNativeMLX.h */ = {isa = PBXFileReference; lastKnownFileType = sourcecode.c.h; path = ReactNativeMLX.h; sourceTree = "<group>"; };
		BA0D25F62D684DF100F7D129 /* RNMLX.swift */ = {isa = PBXFileReference; lastKnownFileType = sourcecode.swift; path = RNMLX.swift; sourceTree = "<group>"; };
		BA2E647D2D683FC000E860E4 /* ReactNativeMLX.framework */ = {isa = PBXFileReference; explicitFileType = wrapper.framework; includeInIndex = 0; path = ReactNativeMLX.framework; sourceTree = BUILT_PRODUCTS_DIR; };
		BA2E64852D683FC000E860E4 /* ReactNativeMLXTests.xctest */ = {isa = PBXFileReference; explicitFileType = wrapper.cfbundle; includeInIndex = 0; path = ReactNativeMLXTests.xctest; sourceTree = BUILT_PRODUCTS_DIR; };
		BAFB82DB2D69789F00C96138 /* MLXExample.app */ = {isa = PBXFileReference; explicitFileType = wrapper.application; includeInIndex = 0; path = MLXExample.app; sourceTree = BUILT_PRODUCTS_DIR; };
		BAFB82F62D69A95200C96138 /* RNMLXError.swift */ = {isa = PBXFileReference; lastKnownFileType = sourcecode.swift; path = RNMLXError.swift; sourceTree = "<group>"; };
		BAFB82F82D69B27D00C96138 /* LLMEvaluator.swift */ = {isa = PBXFileReference; lastKnownFileType = sourcecode.swift; path = LLMEvaluator.swift; sourceTree = "<group>"; };
/* End PBXFileReference section */

/* Begin PBXFileSystemSynchronizedRootGroup section */
		BAFB82DC2D69789F00C96138 /* MLXExample */ = {
			isa = PBXFileSystemSynchronizedRootGroup;
			path = MLXExample;
			sourceTree = "<group>";
		};
/* End PBXFileSystemSynchronizedRootGroup section */

/* Begin PBXFrameworksBuildPhase section */
		BA2E647A2D683FC000E860E4 /* Frameworks */ = {
			isa = PBXFrameworksBuildPhase;
			buildActionMask = 2147483647;
			files = (
				BAFB82FB2D69B2B700C96138 /* MLXLLM in Frameworks */,
				BA59DA302D6968370047C1C1 /* MLX in Frameworks */,
				BAFB82FD2D69B2B700C96138 /* MLXLMCommon in Frameworks */,
				BA59DA2E2D6968320047C1C1 /* Numerics in Frameworks */,
			);
			runOnlyForDeploymentPostprocessing = 0;
		};
		BA2E64822D683FC000E860E4 /* Frameworks */ = {
			isa = PBXFrameworksBuildPhase;
			buildActionMask = 2147483647;
			files = (
				BA2E64862D683FC000E860E4 /* ReactNativeMLX.framework in Frameworks */,
			);
			runOnlyForDeploymentPostprocessing = 0;
		};
		BAFB82D82D69789F00C96138 /* Frameworks */ = {
			isa = PBXFrameworksBuildPhase;
			buildActionMask = 2147483647;
			files = (
				BAFB82E92D6978ED00C96138 /* ReactNativeMLX.framework in Frameworks */,
			);
			runOnlyForDeploymentPostprocessing = 0;
		};
/* End PBXFrameworksBuildPhase section */

/* Begin PBXGroup section */
		BA0D25F22D684DC000F7D129 /* Sources */ = {
			isa = PBXGroup;
			children = (
				BA0D25F12D684DC000F7D129 /* ReactNativeMLX.h */,
				BA0D25F62D684DF100F7D129 /* RNMLX.swift */,
				BAFB82F62D69A95200C96138 /* RNMLXError.swift */,
				BAFB82F82D69B27D00C96138 /* LLMEvaluator.swift */,
			);
			path = Sources;
			sourceTree = "<group>";
		};
		BA2E64732D683FC000E860E4 = {
			isa = PBXGroup;
			children = (
				BA0D25EE2D684DC000F7D129 /* Bridge.h */,
				BA0D25F22D684DC000F7D129 /* Sources */,
				BAFB82DC2D69789F00C96138 /* MLXExample */,
				BA96B2762D68E1C600AEFE97 /* Frameworks */,
				BA2E647E2D683FC000E860E4 /* Products */,
			);
			sourceTree = "<group>";
		};
		BA2E647E2D683FC000E860E4 /* Products */ = {
			isa = PBXGroup;
			children = (
				BA2E647D2D683FC000E860E4 /* ReactNativeMLX.framework */,
				BA2E64852D683FC000E860E4 /* ReactNativeMLXTests.xctest */,
				BAFB82DB2D69789F00C96138 /* MLXExample.app */,
			);
			name = Products;
			sourceTree = "<group>";
		};
		BA96B2762D68E1C600AEFE97 /* Frameworks */ = {
			isa = PBXGroup;
			children = (
			);
			name = Frameworks;
			sourceTree = "<group>";
		};
/* End PBXGroup section */

/* Begin PBXHeadersBuildPhase section */
		BA2E64782D683FC000E860E4 /* Headers */ = {
			isa = PBXHeadersBuildPhase;
			buildActionMask = 2147483647;
			files = (
				BA0D25F32D684DC000F7D129 /* ReactNativeMLX.h in Headers */,
				BA0D25F42D684DC000F7D129 /* Bridge.h in Headers */,
			);
			runOnlyForDeploymentPostprocessing = 0;
		};
/* End PBXHeadersBuildPhase section */

/* Begin PBXNativeTarget section */
		BA2E647C2D683FC000E860E4 /* ReactNativeMLX */ = {
			isa = PBXNativeTarget;
			buildConfigurationList = BA2E648E2D683FC000E860E4 /* Build configuration list for PBXNativeTarget "ReactNativeMLX" */;
			buildPhases = (
				BA2E64782D683FC000E860E4 /* Headers */,
				BA2E64792D683FC000E860E4 /* Sources */,
				BA2E647A2D683FC000E860E4 /* Frameworks */,
				BA2E647B2D683FC000E860E4 /* Resources */,
			);
			buildRules = (
			);
			dependencies = (
			);
			name = ReactNativeMLX;
			packageProductDependencies = (
				BA59DA2D2D6968320047C1C1 /* Numerics */,
				BA59DA2F2D6968370047C1C1 /* MLX */,
				BAFB82FA2D69B2B700C96138 /* MLXLLM */,
				BAFB82FC2D69B2B700C96138 /* MLXLMCommon */,
			);
			productName = ReactNativeMLX;
			productReference = BA2E647D2D683FC000E860E4 /* ReactNativeMLX.framework */;
			productType = "com.apple.product-type.framework";
		};
		BA2E64842D683FC000E860E4 /* ReactNativeMLXTests */ = {
			isa = PBXNativeTarget;
			buildConfigurationList = BA2E64932D683FC000E860E4 /* Build configuration list for PBXNativeTarget "ReactNativeMLXTests" */;
			buildPhases = (
				BA2E64812D683FC000E860E4 /* Sources */,
				BA2E64822D683FC000E860E4 /* Frameworks */,
				BA2E64832D683FC000E860E4 /* Resources */,
			);
			buildRules = (
			);
			dependencies = (
				BA2E64882D683FC000E860E4 /* PBXTargetDependency */,
			);
			name = ReactNativeMLXTests;
			packageProductDependencies = (
			);
			productName = ReactNativeMLXTests;
			productReference = BA2E64852D683FC000E860E4 /* ReactNativeMLXTests.xctest */;
			productType = "com.apple.product-type.bundle.unit-test";
		};
		BAFB82DA2D69789F00C96138 /* MLXExample */ = {
			isa = PBXNativeTarget;
			buildConfigurationList = BAFB82E62D6978A000C96138 /* Build configuration list for PBXNativeTarget "MLXExample" */;
			buildPhases = (
				BAFB82D72D69789F00C96138 /* Sources */,
				BAFB82D82D69789F00C96138 /* Frameworks */,
				BAFB82D92D69789F00C96138 /* Resources */,
				BAFB82ED2D6978ED00C96138 /* Embed Frameworks */,
			);
			buildRules = (
			);
			dependencies = (
				BAFB82EC2D6978ED00C96138 /* PBXTargetDependency */,
			);
			fileSystemSynchronizedGroups = (
				BAFB82DC2D69789F00C96138 /* MLXExample */,
			);
			name = MLXExample;
			packageProductDependencies = (
			);
			productName = MLXExample;
			productReference = BAFB82DB2D69789F00C96138 /* MLXExample.app */;
			productType = "com.apple.product-type.application";
		};
/* End PBXNativeTarget section */

/* Begin PBXProject section */
		BA2E64742D683FC000E860E4 /* Project object */ = {
			isa = PBXProject;
			attributes = {
				BuildIndependentTargetsInParallel = 1;
				LastSwiftUpdateCheck = 1620;
				LastUpgradeCheck = 1620;
				TargetAttributes = {
					BA2E647C2D683FC000E860E4 = {
						CreatedOnToolsVersion = 16.2;
					};
					BA2E64842D683FC000E860E4 = {
						CreatedOnToolsVersion = 16.2;
					};
					BAFB82DA2D69789F00C96138 = {
						CreatedOnToolsVersion = 16.2;
					};
				};
			};
			buildConfigurationList = BA2E64772D683FC000E860E4 /* Build configuration list for PBXProject "ReactNativeMLX" */;
			developmentRegion = en;
			hasScannedForEncodings = 0;
			knownRegions = (
				en,
				Base,
			);
			mainGroup = BA2E64732D683FC000E860E4;
			minimizedProjectReferenceProxies = 1;
			packageReferences = (
				BAD5A6E72D6844710086B27C /* XCRemoteSwiftPackageReference "swift-numerics" */,
				BAC9106E2D6846BC00ED842F /* XCRemoteSwiftPackageReference "mlx-swift" */,
				BA59D94B2D6949600047C1C1 /* XCLocalSwiftPackageReference "../../../mlx-swift-examples" */,
			);
			preferredProjectObjectVersion = 77;
			productRefGroup = BA2E647E2D683FC000E860E4 /* Products */;
			projectDirPath = "";
			projectRoot = "";
			targets = (
				BA2E647C2D683FC000E860E4 /* ReactNativeMLX */,
				BA2E64842D683FC000E860E4 /* ReactNativeMLXTests */,
				BAFB82DA2D69789F00C96138 /* MLXExample */,
			);
		};
/* End PBXProject section */

/* Begin PBXResourcesBuildPhase section */
		BA2E647B2D683FC000E860E4 /* Resources */ = {
			isa = PBXResourcesBuildPhase;
			buildActionMask = 2147483647;
			files = (
			);
			runOnlyForDeploymentPostprocessing = 0;
		};
		BA2E64832D683FC000E860E4 /* Resources */ = {
			isa = PBXResourcesBuildPhase;
			buildActionMask = 2147483647;
			files = (
			);
			runOnlyForDeploymentPostprocessing = 0;
		};
		BAFB82D92D69789F00C96138 /* Resources */ = {
			isa = PBXResourcesBuildPhase;
			buildActionMask = 2147483647;
			files = (
			);
			runOnlyForDeploymentPostprocessing = 0;
		};
/* End PBXResourcesBuildPhase section */

/* Begin PBXSourcesBuildPhase section */
		BA2E64792D683FC000E860E4 /* Sources */ = {
			isa = PBXSourcesBuildPhase;
			buildActionMask = 2147483647;
			files = (
				BAFB82F72D69A95200C96138 /* RNMLXError.swift in Sources */,
				BA0D25F72D684DF100F7D129 /* RNMLX.swift in Sources */,
				BAFB82F92D69B27D00C96138 /* LLMEvaluator.swift in Sources */,
			);
			runOnlyForDeploymentPostprocessing = 0;
		};
		BA2E64812D683FC000E860E4 /* Sources */ = {
			isa = PBXSourcesBuildPhase;
			buildActionMask = 2147483647;
			files = (
			);
			runOnlyForDeploymentPostprocessing = 0;
		};
		BAFB82D72D69789F00C96138 /* Sources */ = {
			isa = PBXSourcesBuildPhase;
			buildActionMask = 2147483647;
			files = (
			);
			runOnlyForDeploymentPostprocessing = 0;
		};
/* End PBXSourcesBuildPhase section */

/* Begin PBXTargetDependency section */
		BA2E64882D683FC000E860E4 /* PBXTargetDependency */ = {
			isa = PBXTargetDependency;
			target = BA2E647C2D683FC000E860E4 /* ReactNativeMLX */;
			targetProxy = BA2E64872D683FC000E860E4 /* PBXContainerItemProxy */;
		};
		BAFB82EC2D6978ED00C96138 /* PBXTargetDependency */ = {
			isa = PBXTargetDependency;
			target = BA2E647C2D683FC000E860E4 /* ReactNativeMLX */;
			targetProxy = BAFB82EB2D6978ED00C96138 /* PBXContainerItemProxy */;
		};
/* End PBXTargetDependency section */

/* Begin XCBuildConfiguration section */
		BA2E648F2D683FC000E860E4 /* Debug */ = {
			isa = XCBuildConfiguration;
			buildSettings = {
				BUILD_LIBRARY_FOR_DISTRIBUTION = YES;
				CODE_SIGN_STYLE = Automatic;
				COMBINE_HIDPI_IMAGES = YES;
				CURRENT_PROJECT_VERSION = 1;
				DEFINES_MODULE = NO;
				DEVELOPMENT_TEAM = M52W2L8ZQV;
				DYLIB_COMPATIBILITY_VERSION = 1;
				DYLIB_CURRENT_VERSION = 1;
				DYLIB_INSTALL_NAME_BASE = "@rpath";
				ENABLE_MODULE_VERIFIER = YES;
				GENERATE_INFOPLIST_FILE = YES;
				INFOPLIST_KEY_NSHumanReadableCopyright = "";
				INSTALL_PATH = "$(LOCAL_LIBRARY_DIR)/Frameworks";
				IPHONEOS_DEPLOYMENT_TARGET = 18.0;
				LD_RUNPATH_SEARCH_PATHS = (
					"$(inherited)",
					"@executable_path/../Frameworks",
					"@loader_path/Frameworks",
				);
				MARKETING_VERSION = 1.0;
				MODULE_VERIFIER_SUPPORTED_LANGUAGES = "objective-c objective-c++";
				MODULE_VERIFIER_SUPPORTED_LANGUAGE_STANDARDS = "gnu17 gnu++20";
				PRODUCT_BUNDLE_IDENTIFIER = com.henrypl.ReactNativeMLX;
				PRODUCT_NAME = "$(TARGET_NAME:c99extidentifier)";
				REGISTER_APP_GROUPS = NO;
				SDKROOT = iphoneos;
				SKIP_INSTALL = YES;
				SUPPORTED_PLATFORMS = "iphoneos iphonesimulator macosx";
				SUPPORTS_MACCATALYST = NO;
				SUPPORTS_MAC_DESIGNED_FOR_IPHONE_IPAD = NO;
				SUPPORTS_XR_DESIGNED_FOR_IPHONE_IPAD = NO;
				SWIFT_COMPILATION_MODE = wholemodule;
				SWIFT_EMIT_LOC_STRINGS = YES;
				SWIFT_INSTALL_OBJC_HEADER = NO;
				SWIFT_OBJC_INTEROP_MODE = objcxx;
				SWIFT_UPCOMING_FEATURE_INTERNAL_IMPORTS_BY_DEFAULT = NO;
				SWIFT_VERSION = 5.0;
				TARGETED_DEVICE_FAMILY = 1;
			};
			name = Debug;
		};
		BA2E64902D683FC000E860E4 /* Release */ = {
			isa = XCBuildConfiguration;
			buildSettings = {
				BUILD_LIBRARY_FOR_DISTRIBUTION = YES;
				CODE_SIGN_STYLE = Automatic;
				COMBINE_HIDPI_IMAGES = YES;
				CURRENT_PROJECT_VERSION = 1;
				DEFINES_MODULE = NO;
				DEVELOPMENT_TEAM = M52W2L8ZQV;
				DYLIB_COMPATIBILITY_VERSION = 1;
				DYLIB_CURRENT_VERSION = 1;
				DYLIB_INSTALL_NAME_BASE = "@rpath";
				ENABLE_MODULE_VERIFIER = YES;
				GENERATE_INFOPLIST_FILE = YES;
				INFOPLIST_KEY_NSHumanReadableCopyright = "";
				INSTALL_PATH = "$(LOCAL_LIBRARY_DIR)/Frameworks";
				IPHONEOS_DEPLOYMENT_TARGET = 18.0;
				LD_RUNPATH_SEARCH_PATHS = (
					"$(inherited)",
					"@executable_path/../Frameworks",
					"@loader_path/Frameworks",
				);
				MARKETING_VERSION = 1.0;
				MODULE_VERIFIER_SUPPORTED_LANGUAGES = "objective-c objective-c++";
				MODULE_VERIFIER_SUPPORTED_LANGUAGE_STANDARDS = "gnu17 gnu++20";
				PRODUCT_BUNDLE_IDENTIFIER = com.henrypl.ReactNativeMLX;
				PRODUCT_NAME = "$(TARGET_NAME:c99extidentifier)";
				REGISTER_APP_GROUPS = NO;
				SDKROOT = iphoneos;
				SKIP_INSTALL = YES;
				SUPPORTED_PLATFORMS = "iphoneos iphonesimulator macosx";
				SUPPORTS_MACCATALYST = NO;
				SUPPORTS_MAC_DESIGNED_FOR_IPHONE_IPAD = NO;
				SUPPORTS_XR_DESIGNED_FOR_IPHONE_IPAD = NO;
				SWIFT_EMIT_LOC_STRINGS = YES;
				SWIFT_INSTALL_OBJC_HEADER = NO;
				SWIFT_OBJC_INTEROP_MODE = objcxx;
				SWIFT_UPCOMING_FEATURE_INTERNAL_IMPORTS_BY_DEFAULT = NO;
				SWIFT_VERSION = 5.0;
				TARGETED_DEVICE_FAMILY = 1;
			};
			name = Release;
		};
		BA2E64912D683FC000E860E4 /* Debug */ = {
			isa = XCBuildConfiguration;
			buildSettings = {
				ALWAYS_SEARCH_USER_PATHS = NO;
				ASSETCATALOG_COMPILER_GENERATE_SWIFT_ASSET_SYMBOL_EXTENSIONS = YES;
				CLANG_ANALYZER_NONNULL = YES;
				CLANG_ANALYZER_NUMBER_OBJECT_CONVERSION = YES_AGGRESSIVE;
				CLANG_CXX_LANGUAGE_STANDARD = "gnu++20";
				CLANG_ENABLE_MODULES = YES;
				CLANG_ENABLE_OBJC_ARC = YES;
				CLANG_ENABLE_OBJC_WEAK = YES;
				CLANG_WARN_BLOCK_CAPTURE_AUTORELEASING = YES;
				CLANG_WARN_BOOL_CONVERSION = YES;
				CLANG_WARN_COMMA = YES;
				CLANG_WARN_CONSTANT_CONVERSION = YES;
				CLANG_WARN_DEPRECATED_OBJC_IMPLEMENTATIONS = YES;
				CLANG_WARN_DIRECT_OBJC_ISA_USAGE = YES_ERROR;
				CLANG_WARN_DOCUMENTATION_COMMENTS = YES;
				CLANG_WARN_EMPTY_BODY = YES;
				CLANG_WARN_ENUM_CONVERSION = YES;
				CLANG_WARN_INFINITE_RECURSION = YES;
				CLANG_WARN_INT_CONVERSION = YES;
				CLANG_WARN_NON_LITERAL_NULL_CONVERSION = YES;
				CLANG_WARN_OBJC_IMPLICIT_RETAIN_SELF = YES;
				CLANG_WARN_OBJC_LITERAL_CONVERSION = YES;
				CLANG_WARN_OBJC_ROOT_CLASS = YES_ERROR;
				CLANG_WARN_QUOTED_INCLUDE_IN_FRAMEWORK_HEADER = YES;
				CLANG_WARN_RANGE_LOOP_ANALYSIS = YES;
				CLANG_WARN_STRICT_PROTOTYPES = YES;
				CLANG_WARN_SUSPICIOUS_MOVE = YES;
				CLANG_WARN_UNGUARDED_AVAILABILITY = YES_AGGRESSIVE;
				CLANG_WARN_UNREACHABLE_CODE = YES;
				CLANG_WARN__DUPLICATE_METHOD_MATCH = YES;
				COPY_PHASE_STRIP = NO;
				CURRENT_PROJECT_VERSION = 1;
				DEBUG_INFORMATION_FORMAT = dwarf;
				ENABLE_STRICT_OBJC_MSGSEND = YES;
				ENABLE_TESTABILITY = YES;
				ENABLE_USER_SCRIPT_SANDBOXING = YES;
				GCC_C_LANGUAGE_STANDARD = gnu17;
				GCC_DYNAMIC_NO_PIC = NO;
				GCC_NO_COMMON_BLOCKS = YES;
				GCC_OPTIMIZATION_LEVEL = 0;
				GCC_PREPROCESSOR_DEFINITIONS = (
					"DEBUG=1",
					"$(inherited)",
				);
				GCC_WARN_64_TO_32_BIT_CONVERSION = YES;
				GCC_WARN_ABOUT_RETURN_TYPE = YES_ERROR;
				GCC_WARN_UNDECLARED_SELECTOR = YES;
				GCC_WARN_UNINITIALIZED_AUTOS = YES_AGGRESSIVE;
				GCC_WARN_UNUSED_FUNCTION = YES;
				GCC_WARN_UNUSED_VARIABLE = YES;
				LOCALIZATION_PREFERS_STRING_CATALOGS = YES;
				MACOSX_DEPLOYMENT_TARGET = 15.2;
				MTL_ENABLE_DEBUG_INFO = INCLUDE_SOURCE;
				MTL_FAST_MATH = YES;
				ONLY_ACTIVE_ARCH = YES;
				SDKROOT = macosx;
				SWIFT_ACTIVE_COMPILATION_CONDITIONS = "DEBUG $(inherited)";
				SWIFT_OPTIMIZATION_LEVEL = "-Onone";
				VERSIONING_SYSTEM = "apple-generic";
				VERSION_INFO_PREFIX = "";
			};
			name = Debug;
		};
		BA2E64922D683FC000E860E4 /* Release */ = {
			isa = XCBuildConfiguration;
			buildSettings = {
				ALWAYS_SEARCH_USER_PATHS = NO;
				ASSETCATALOG_COMPILER_GENERATE_SWIFT_ASSET_SYMBOL_EXTENSIONS = YES;
				CLANG_ANALYZER_NONNULL = YES;
				CLANG_ANALYZER_NUMBER_OBJECT_CONVERSION = YES_AGGRESSIVE;
				CLANG_CXX_LANGUAGE_STANDARD = "gnu++20";
				CLANG_ENABLE_MODULES = YES;
				CLANG_ENABLE_OBJC_ARC = YES;
				CLANG_ENABLE_OBJC_WEAK = YES;
				CLANG_WARN_BLOCK_CAPTURE_AUTORELEASING = YES;
				CLANG_WARN_BOOL_CONVERSION = YES;
				CLANG_WARN_COMMA = YES;
				CLANG_WARN_CONSTANT_CONVERSION = YES;
				CLANG_WARN_DEPRECATED_OBJC_IMPLEMENTATIONS = YES;
				CLANG_WARN_DIRECT_OBJC_ISA_USAGE = YES_ERROR;
				CLANG_WARN_DOCUMENTATION_COMMENTS = YES;
				CLANG_WARN_EMPTY_BODY = YES;
				CLANG_WARN_ENUM_CONVERSION = YES;
				CLANG_WARN_INFINITE_RECURSION = YES;
				CLANG_WARN_INT_CONVERSION = YES;
				CLANG_WARN_NON_LITERAL_NULL_CONVERSION = YES;
				CLANG_WARN_OBJC_IMPLICIT_RETAIN_SELF = YES;
				CLANG_WARN_OBJC_LITERAL_CONVERSION = YES;
				CLANG_WARN_OBJC_ROOT_CLASS = YES_ERROR;
				CLANG_WARN_QUOTED_INCLUDE_IN_FRAMEWORK_HEADER = YES;
				CLANG_WARN_RANGE_LOOP_ANALYSIS = YES;
				CLANG_WARN_STRICT_PROTOTYPES = YES;
				CLANG_WARN_SUSPICIOUS_MOVE = YES;
				CLANG_WARN_UNGUARDED_AVAILABILITY = YES_AGGRESSIVE;
				CLANG_WARN_UNREACHABLE_CODE = YES;
				CLANG_WARN__DUPLICATE_METHOD_MATCH = YES;
				COPY_PHASE_STRIP = NO;
				CURRENT_PROJECT_VERSION = 1;
				DEBUG_INFORMATION_FORMAT = "dwarf-with-dsym";
				ENABLE_NS_ASSERTIONS = NO;
				ENABLE_STRICT_OBJC_MSGSEND = YES;
				ENABLE_USER_SCRIPT_SANDBOXING = YES;
				GCC_C_LANGUAGE_STANDARD = gnu17;
				GCC_NO_COMMON_BLOCKS = YES;
				GCC_WARN_64_TO_32_BIT_CONVERSION = YES;
				GCC_WARN_ABOUT_RETURN_TYPE = YES_ERROR;
				GCC_WARN_UNDECLARED_SELECTOR = YES;
				GCC_WARN_UNINITIALIZED_AUTOS = YES_AGGRESSIVE;
				GCC_WARN_UNUSED_FUNCTION = YES;
				GCC_WARN_UNUSED_VARIABLE = YES;
				LOCALIZATION_PREFERS_STRING_CATALOGS = YES;
				MACOSX_DEPLOYMENT_TARGET = 15.2;
				MTL_ENABLE_DEBUG_INFO = NO;
				MTL_FAST_MATH = YES;
				SDKROOT = macosx;
				SWIFT_COMPILATION_MODE = wholemodule;
				VERSIONING_SYSTEM = "apple-generic";
				VERSION_INFO_PREFIX = "";
			};
			name = Release;
		};
		BA2E64942D683FC000E860E4 /* Debug */ = {
			isa = XCBuildConfiguration;
			buildSettings = {
				CODE_SIGN_STYLE = Automatic;
				CURRENT_PROJECT_VERSION = 1;
				DEVELOPMENT_TEAM = M52W2L8ZQV;
				GENERATE_INFOPLIST_FILE = YES;
				MARKETING_VERSION = 1.0;
				PRODUCT_BUNDLE_IDENTIFIER = com.henrypl.ReactNativeMLXTests;
				PRODUCT_NAME = "$(TARGET_NAME)";
				SUPPORTED_PLATFORMS = "iphoneos iphonesimulator";
				SUPPORTS_MACCATALYST = NO;
				SWIFT_EMIT_LOC_STRINGS = NO;
				SWIFT_VERSION = 5.0;
				TARGETED_DEVICE_FAMILY = 1;
			};
			name = Debug;
		};
		BA2E64952D683FC000E860E4 /* Release */ = {
			isa = XCBuildConfiguration;
			buildSettings = {
				CODE_SIGN_STYLE = Automatic;
				CURRENT_PROJECT_VERSION = 1;
				DEVELOPMENT_TEAM = M52W2L8ZQV;
				GENERATE_INFOPLIST_FILE = YES;
				MARKETING_VERSION = 1.0;
				PRODUCT_BUNDLE_IDENTIFIER = com.henrypl.ReactNativeMLXTests;
				PRODUCT_NAME = "$(TARGET_NAME)";
				SUPPORTED_PLATFORMS = "iphoneos iphonesimulator";
				SUPPORTS_MACCATALYST = NO;
				SWIFT_EMIT_LOC_STRINGS = NO;
				SWIFT_VERSION = 5.0;
				TARGETED_DEVICE_FAMILY = 1;
			};
			name = Release;
		};
		BAFB82E72D6978A000C96138 /* Debug */ = {
			isa = XCBuildConfiguration;
			buildSettings = {
				ASSETCATALOG_COMPILER_APPICON_NAME = AppIcon;
				ASSETCATALOG_COMPILER_GLOBAL_ACCENT_COLOR_NAME = AccentColor;
				CODE_SIGN_STYLE = Automatic;
				CURRENT_PROJECT_VERSION = 1;
				DEVELOPMENT_ASSET_PATHS = "\"MLXExample/Preview Content\"";
				DEVELOPMENT_TEAM = M52W2L8ZQV;
				ENABLE_PREVIEWS = YES;
				GENERATE_INFOPLIST_FILE = YES;
				INFOPLIST_KEY_UIApplicationSceneManifest_Generation = YES;
				INFOPLIST_KEY_UIApplicationSupportsIndirectInputEvents = YES;
				INFOPLIST_KEY_UILaunchScreen_Generation = YES;
				INFOPLIST_KEY_UISupportedInterfaceOrientations_iPad = "UIInterfaceOrientationPortrait UIInterfaceOrientationPortraitUpsideDown UIInterfaceOrientationLandscapeLeft UIInterfaceOrientationLandscapeRight";
				INFOPLIST_KEY_UISupportedInterfaceOrientations_iPhone = "UIInterfaceOrientationPortrait UIInterfaceOrientationLandscapeLeft UIInterfaceOrientationLandscapeRight";
				IPHONEOS_DEPLOYMENT_TARGET = 18.2;
				LD_RUNPATH_SEARCH_PATHS = (
					"$(inherited)",
					"@executable_path/Frameworks",
				);
				MARKETING_VERSION = 1.0;
				PRODUCT_BUNDLE_IDENTIFIER = com.henrypl.MLXExample;
				PRODUCT_NAME = "$(TARGET_NAME)";
				REGISTER_APP_GROUPS = NO;
				SDKROOT = iphoneos;
				SUPPORTED_PLATFORMS = "iphoneos iphonesimulator macosx";
				SUPPORTS_MACCATALYST = NO;
				SUPPORTS_MAC_DESIGNED_FOR_IPHONE_IPAD = NO;
				SUPPORTS_XR_DESIGNED_FOR_IPHONE_IPAD = NO;
				SWIFT_EMIT_LOC_STRINGS = YES;
				SWIFT_VERSION = 5.0;
				TARGETED_DEVICE_FAMILY = 1;
			};
			name = Debug;
		};
		BAFB82E82D6978A000C96138 /* Release */ = {
			isa = XCBuildConfiguration;
			buildSettings = {
				ASSETCATALOG_COMPILER_APPICON_NAME = AppIcon;
				ASSETCATALOG_COMPILER_GLOBAL_ACCENT_COLOR_NAME = AccentColor;
				CODE_SIGN_STYLE = Automatic;
				CURRENT_PROJECT_VERSION = 1;
				DEVELOPMENT_ASSET_PATHS = "\"MLXExample/Preview Content\"";
				DEVELOPMENT_TEAM = M52W2L8ZQV;
				ENABLE_PREVIEWS = YES;
				GENERATE_INFOPLIST_FILE = YES;
				INFOPLIST_KEY_UIApplicationSceneManifest_Generation = YES;
				INFOPLIST_KEY_UIApplicationSupportsIndirectInputEvents = YES;
				INFOPLIST_KEY_UILaunchScreen_Generation = YES;
				INFOPLIST_KEY_UISupportedInterfaceOrientations_iPad = "UIInterfaceOrientationPortrait UIInterfaceOrientationPortraitUpsideDown UIInterfaceOrientationLandscapeLeft UIInterfaceOrientationLandscapeRight";
				INFOPLIST_KEY_UISupportedInterfaceOrientations_iPhone = "UIInterfaceOrientationPortrait UIInterfaceOrientationLandscapeLeft UIInterfaceOrientationLandscapeRight";
				IPHONEOS_DEPLOYMENT_TARGET = 18.2;
				LD_RUNPATH_SEARCH_PATHS = (
					"$(inherited)",
					"@executable_path/Frameworks",
				);
				MARKETING_VERSION = 1.0;
				PRODUCT_BUNDLE_IDENTIFIER = com.henrypl.MLXExample;
				PRODUCT_NAME = "$(TARGET_NAME)";
				REGISTER_APP_GROUPS = NO;
				SDKROOT = iphoneos;
				SUPPORTED_PLATFORMS = "iphoneos iphonesimulator macosx";
				SUPPORTS_MACCATALYST = NO;
				SUPPORTS_MAC_DESIGNED_FOR_IPHONE_IPAD = NO;
				SUPPORTS_XR_DESIGNED_FOR_IPHONE_IPAD = NO;
				SWIFT_EMIT_LOC_STRINGS = YES;
				SWIFT_VERSION = 5.0;
				TARGETED_DEVICE_FAMILY = 1;
				VALIDATE_PRODUCT = YES;
			};
			name = Release;
		};
/* End XCBuildConfiguration section */

/* Begin XCConfigurationList section */
		BA2E64772D683FC000E860E4 /* Build configuration list for PBXProject "ReactNativeMLX" */ = {
			isa = XCConfigurationList;
			buildConfigurations = (
				BA2E64912D683FC000E860E4 /* Debug */,
				BA2E64922D683FC000E860E4 /* Release */,
			);
			defaultConfigurationIsVisible = 0;
			defaultConfigurationName = Release;
		};
		BA2E648E2D683FC000E860E4 /* Build configuration list for PBXNativeTarget "ReactNativeMLX" */ = {
			isa = XCConfigurationList;
			buildConfigurations = (
				BA2E648F2D683FC000E860E4 /* Debug */,
				BA2E64902D683FC000E860E4 /* Release */,
			);
			defaultConfigurationIsVisible = 0;
			defaultConfigurationName = Release;
		};
		BA2E64932D683FC000E860E4 /* Build configuration list for PBXNativeTarget "ReactNativeMLXTests" */ = {
			isa = XCConfigurationList;
			buildConfigurations = (
				BA2E64942D683FC000E860E4 /* Debug */,
				BA2E64952D683FC000E860E4 /* Release */,
			);
			defaultConfigurationIsVisible = 0;
			defaultConfigurationName = Release;
		};
		BAFB82E62D6978A000C96138 /* Build configuration list for PBXNativeTarget "MLXExample" */ = {
			isa = XCConfigurationList;
			buildConfigurations = (
				BAFB82E72D6978A000C96138 /* Debug */,
				BAFB82E82D6978A000C96138 /* Release */,
			);
			defaultConfigurationIsVisible = 0;
			defaultConfigurationName = Release;
		};
/* End XCConfigurationList section */

/* Begin XCLocalSwiftPackageReference section */
		BA59D94B2D6949600047C1C1 /* XCLocalSwiftPackageReference "../../../mlx-swift-examples" */ = {
			isa = XCLocalSwiftPackageReference;
			relativePath = "../../../mlx-swift-examples";
		};
/* End XCLocalSwiftPackageReference section */

/* Begin XCRemoteSwiftPackageReference section */
		BAC9106E2D6846BC00ED842F /* XCRemoteSwiftPackageReference "mlx-swift" */ = {
			isa = XCRemoteSwiftPackageReference;
			repositoryURL = "https://github.com/ml-explore/mlx-swift";
			requirement = {
				kind = upToNextMajorVersion;
				minimumVersion = 0.21.3;
			};
		};
		BAD5A6E72D6844710086B27C /* XCRemoteSwiftPackageReference "swift-numerics" */ = {
			isa = XCRemoteSwiftPackageReference;
			repositoryURL = "https://github.com/apple/swift-numerics.git";
			requirement = {
				kind = upToNextMajorVersion;
				minimumVersion = 1.0.2;
			};
		};
/* End XCRemoteSwiftPackageReference section */

/* Begin XCSwiftPackageProductDependency section */
		BA59DA2D2D6968320047C1C1 /* Numerics */ = {
			isa = XCSwiftPackageProductDependency;
			package = BAD5A6E72D6844710086B27C /* XCRemoteSwiftPackageReference "swift-numerics" */;
			productName = Numerics;
		};
		BA59DA2F2D6968370047C1C1 /* MLX */ = {
			isa = XCSwiftPackageProductDependency;
			package = BAC9106E2D6846BC00ED842F /* XCRemoteSwiftPackageReference "mlx-swift" */;
			productName = MLX;
		};
		BAFB82FA2D69B2B700C96138 /* MLXLLM */ = {
			isa = XCSwiftPackageProductDependency;
			package = BA59D94B2D6949600047C1C1 /* XCLocalSwiftPackageReference "../../../mlx-swift-examples" */;
			productName = MLXLLM;
		};
		BAFB82FC2D69B2B700C96138 /* MLXLMCommon */ = {
			isa = XCSwiftPackageProductDependency;
			package = BA59D94B2D6949600047C1C1 /* XCLocalSwiftPackageReference "../../../mlx-swift-examples" */;
			productName = MLXLMCommon;
		};
/* End XCSwiftPackageProductDependency section */
	};
	rootObject = BA2E64742D683FC000E860E4 /* Project object */;
}
